
Microsoft Visual Studio Solution File, Format Version 12.00
# Visual Studio Version 17
VisualStudioVersion = 17.5.002.0
MinimumVisualStudioVersion = 10.0.40219.1
Project("{2150E333-8FDC-42A3-9474-1A3956D46DE8}") = "Core", "Core", "{609C81AD-7B2B-48D8-81FA-4DDA8009CB42}"
EndProject
Project("{9A19103F-16F7-4668-BE54-9A1E7A4F7556}") = "Application", "Core\Application\Application.csproj", "{388C9AC4-BC8C-482E-937C-17DD2D448345}"
EndProject
Project("{9A19103F-16F7-4668-BE54-9A1E7A4F7556}") = "Domain", "Core\Domain\Domain.csproj", "{9556FBDF-6192-45E6-9204-5ABE3220373C}"
EndProject
Project("{2150E333-8FDC-42A3-9474-1A3956D46DE8}") = "Tests", "Tests", "{37576A20-57E9-4626-A222-0EAEF397601E}"
EndProject
Project("{2150E333-8FDC-42A3-9474-1A3956D46DE8}") = "Infrastructure", "Infrastructure", "{C1527817-BC47-44DF-89CB-4EBF7546D9C2}"
EndProject
Project("{2150E333-8FDC-42A3-9474-1A3956D46DE8}") = "Persistence", "Persistence", "{70F2938D-D209-4C87-8ADD-609AA751EAE2}"
EndProject
Project("{FAE04EC0-301F-11D3-BF4B-00C04F79EFBC}") = "mySQL", "Infrastructure\Persistence\mySQL\mySQL.csproj", "{E6C5D600-61F7-4E3E-9588-EDFEF2BC241C}"
EndProject
Project("{FAE04EC0-301F-11D3-BF4B-00C04F79EFBC}") = "ApplicationTests", "Tests\Application\ApplicationTests.csproj", "{94C7A18A-BE88-4BB5-BAB9-13A64B6EC5A1}"
EndProject
Project("{FAE04EC0-301F-11D3-BF4B-00C04F79EFBC}") = "PersistenceTests", "Tests\Persistence\PersistenceTests.csproj", "{D40069E1-BE18-48C1-8774-685E84A7B92E}"
EndProject
Project("{2150E333-8FDC-42A3-9474-1A3956D46DE8}") = "Presentation", "Presentation", "{635DBCD1-C088-4595-96F2-08B92FEFA5E5}"
EndProject
Project("{FAE04EC0-301F-11D3-BF4B-00C04F79EFBC}") = "Api", "Presentation\Api\Api.csproj", "{E89CDAE6-143B-4FDC-9803-187FF857555F}"
EndProject
Project("{FAE04EC0-301F-11D3-BF4B-00C04F79EFBC}") = "Api", "Tests\Presentation\Api.csproj", "{2D27F28A-B819-4E0A-867F-046FF4237A13}"
EndProject
Global
	GlobalSection(SolutionConfigurationPlatforms) = preSolution
		Debug|Any CPU = Debug|Any CPU
		Release|Any CPU = Release|Any CPU
	EndGlobalSection
	GlobalSection(ProjectConfigurationPlatforms) = postSolution
		{388C9AC4-BC8C-482E-937C-17DD2D448345}.Debug|Any CPU.ActiveCfg = Debug|Any CPU
		{388C9AC4-BC8C-482E-937C-17DD2D448345}.Debug|Any CPU.Build.0 = Debug|Any CPU
		{388C9AC4-BC8C-482E-937C-17DD2D448345}.Release|Any CPU.ActiveCfg = Release|Any CPU
		{388C9AC4-BC8C-482E-937C-17DD2D448345}.Release|Any CPU.Build.0 = Release|Any CPU
		{9556FBDF-6192-45E6-9204-5ABE3220373C}.Debug|Any CPU.ActiveCfg = Debug|Any CPU
		{9556FBDF-6192-45E6-9204-5ABE3220373C}.Debug|Any CPU.Build.0 = Debug|Any CPU
		{9556FBDF-6192-45E6-9204-5ABE3220373C}.Release|Any CPU.ActiveCfg = Release|Any CPU
		{9556FBDF-6192-45E6-9204-5ABE3220373C}.Release|Any CPU.Build.0 = Release|Any CPU
		{16555EDE-82AD-4523-AF3E-CFF892D7EF25}.Debug|Any CPU.ActiveCfg = Debug|Any CPU
		{16555EDE-82AD-4523-AF3E-CFF892D7EF25}.Debug|Any CPU.Build.0 = Debug|Any CPU
		{16555EDE-82AD-4523-AF3E-CFF892D7EF25}.Release|Any CPU.ActiveCfg = Release|Any CPU
		{16555EDE-82AD-4523-AF3E-CFF892D7EF25}.Release|Any CPU.Build.0 = Release|Any CPU
		{E6C5D600-61F7-4E3E-9588-EDFEF2BC241C}.Debug|Any CPU.ActiveCfg = Debug|Any CPU
		{E6C5D600-61F7-4E3E-9588-EDFEF2BC241C}.Debug|Any CPU.Build.0 = Debug|Any CPU
		{E6C5D600-61F7-4E3E-9588-EDFEF2BC241C}.Release|Any CPU.ActiveCfg = Release|Any CPU
		{E6C5D600-61F7-4E3E-9588-EDFEF2BC241C}.Release|Any CPU.Build.0 = Release|Any CPU
		{94C7A18A-BE88-4BB5-BAB9-13A64B6EC5A1}.Debug|Any CPU.ActiveCfg = Debug|Any CPU
		{94C7A18A-BE88-4BB5-BAB9-13A64B6EC5A1}.Debug|Any CPU.Build.0 = Debug|Any CPU
		{94C7A18A-BE88-4BB5-BAB9-13A64B6EC5A1}.Release|Any CPU.ActiveCfg = Release|Any CPU
		{94C7A18A-BE88-4BB5-BAB9-13A64B6EC5A1}.Release|Any CPU.Build.0 = Release|Any CPU
		{D40069E1-BE18-48C1-8774-685E84A7B92E}.Debug|Any CPU.ActiveCfg = Debug|Any CPU
		{D40069E1-BE18-48C1-8774-685E84A7B92E}.Debug|Any CPU.Build.0 = Debug|Any CPU
		{D40069E1-BE18-48C1-8774-685E84A7B92E}.Release|Any CPU.ActiveCfg = Release|Any CPU
		{D40069E1-BE18-48C1-8774-685E84A7B92E}.Release|Any CPU.Build.0 = Release|Any CPU
		{E89CDAE6-143B-4FDC-9803-187FF857555F}.Debug|Any CPU.ActiveCfg = Debug|Any CPU
		{E89CDAE6-143B-4FDC-9803-187FF857555F}.Debug|Any CPU.Build.0 = Debug|Any CPU
		{E89CDAE6-143B-4FDC-9803-187FF857555F}.Release|Any CPU.ActiveCfg = Release|Any CPU
		{E89CDAE6-143B-4FDC-9803-187FF857555F}.Release|Any CPU.Build.0 = Release|Any CPU
		{2D27F28A-B819-4E0A-867F-046FF4237A13}.Debug|Any CPU.ActiveCfg = Debug|Any CPU
		{2D27F28A-B819-4E0A-867F-046FF4237A13}.Debug|Any CPU.Build.0 = Debug|Any CPU
		{2D27F28A-B819-4E0A-867F-046FF4237A13}.Release|Any CPU.ActiveCfg = Release|Any CPU
		{2D27F28A-B819-4E0A-867F-046FF4237A13}.Release|Any CPU.Build.0 = Release|Any CPU
	EndGlobalSection
	GlobalSection(SolutionProperties) = preSolution
		HideSolutionNode = FALSE
	EndGlobalSection
	GlobalSection(NestedProjects) = preSolution
		{388C9AC4-BC8C-482E-937C-17DD2D448345} = {609C81AD-7B2B-48D8-81FA-4DDA8009CB42}
		{9556FBDF-6192-45E6-9204-5ABE3220373C} = {609C81AD-7B2B-48D8-81FA-4DDA8009CB42}
		{70F2938D-D209-4C87-8ADD-609AA751EAE2} = {C1527817-BC47-44DF-89CB-4EBF7546D9C2}
		{E6C5D600-61F7-4E3E-9588-EDFEF2BC241C} = {70F2938D-D209-4C87-8ADD-609AA751EAE2}
		{94C7A18A-BE88-4BB5-BAB9-13A64B6EC5A1} = {37576A20-57E9-4626-A222-0EAEF397601E}
		{D40069E1-BE18-48C1-8774-685E84A7B92E} = {37576A20-57E9-4626-A222-0EAEF397601E}
		{E89CDAE6-143B-4FDC-9803-187FF857555F} = {635DBCD1-C088-4595-96F2-08B92FEFA5E5}
		{2D27F28A-B819-4E0A-867F-046FF4237A13} = {37576A20-57E9-4626-A222-0EAEF397601E}
	EndGlobalSection
	GlobalSection(ExtensibilityGlobals) = postSolution
		SolutionGuid = {F34F3E45-021F-479E-90FA-528C6F615D1F}
	EndGlobalSection
EndGlobal
